// !$*UTF8*$!
{
	archiveVersion = 1;
	classes = {
	};
	objectVersion = 55;
	objects = {

/* Begin PBXBuildFile section */
		A1D788472791B78900BD648E /* AppDelegate.swift in Sources */ = {isa = PBXBuildFile; fileRef = A1D788462791B78900BD648E /* AppDelegate.swift */; };
		A1D788492791B78900BD648E /* SceneDelegate.swift in Sources */ = {isa = PBXBuildFile; fileRef = A1D788482791B78900BD648E /* SceneDelegate.swift */; };
		A1D7884B2791B78900BD648E /* ViewController.swift in Sources */ = {isa = PBXBuildFile; fileRef = A1D7884A2791B78900BD648E /* ViewController.swift */; };
		A1D7884E2791B78900BD648E /* Main.storyboard in Resources */ = {isa = PBXBuildFile; fileRef = A1D7884C2791B78900BD648E /* Main.storyboard */; };
		A1D788512791B78900BD648E /* MiniBus.xcdatamodeld in Sources */ = {isa = PBXBuildFile; fileRef = A1D7884F2791B78900BD648E /* MiniBus.xcdatamodeld */; };
		A1D788532791B78A00BD648E /* Assets.xcassets in Resources */ = {isa = PBXBuildFile; fileRef = A1D788522791B78A00BD648E /* Assets.xcassets */; };
		A1D788562791B78A00BD648E /* LaunchScreen.storyboard in Resources */ = {isa = PBXBuildFile; fileRef = A1D788542791B78A00BD648E /* LaunchScreen.storyboard */; };
		A1D788612791B78A00BD648E /* MiniBusTests.swift in Sources */ = {isa = PBXBuildFile; fileRef = A1D788602791B78A00BD648E /* MiniBusTests.swift */; };
		A1D7886B2791B78A00BD648E /* MiniBusUITests.swift in Sources */ = {isa = PBXBuildFile; fileRef = A1D7886A2791B78A00BD648E /* MiniBusUITests.swift */; };
		A1D7886D2791B78A00BD648E /* MiniBusUITestsLaunchTests.swift in Sources */ = {isa = PBXBuildFile; fileRef = A1D7886C2791B78A00BD648E /* MiniBusUITestsLaunchTests.swift */; };
/* End PBXBuildFile section */

/* Begin PBXContainerItemProxy section */
		A1D7885D2791B78A00BD648E /* PBXContainerItemProxy */ = {
			isa = PBXContainerItemProxy;
			containerPortal = A1D7883B2791B78800BD648E /* Project object */;
			proxyType = 1;
			remoteGlobalIDString = A1D788422791B78900BD648E;
			remoteInfo = MiniBus;
		};
		A1D788672791B78A00BD648E /* PBXContainerItemProxy */ = {
			isa = PBXContainerItemProxy;
			containerPortal = A1D7883B2791B78800BD648E /* Project object */;
			proxyType = 1;
			remoteGlobalIDString = A1D788422791B78900BD648E;
			remoteInfo = MiniBus;
		};
/* End PBXContainerItemProxy section */

/* Begin PBXFileReference section */
		A1D788432791B78900BD648E /* MiniBus.app */ = {isa = PBXFileReference; explicitFileType = wrapper.application; includeInIndex = 0; path = MiniBus.app; sourceTree = BUILT_PRODUCTS_DIR; };
		A1D788462791B78900BD648E /* AppDelegate.swift */ = {isa = PBXFileReference; lastKnownFileType = sourcecode.swift; path = AppDelegate.swift; sourceTree = "<group>"; };
		A1D788482791B78900BD648E /* SceneDelegate.swift */ = {isa = PBXFileReference; lastKnownFileType = sourcecode.swift; path = SceneDelegate.swift; sourceTree = "<group>"; };
		A1D7884A2791B78900BD648E /* ViewController.swift */ = {isa = PBXFileReference; lastKnownFileType = sourcecode.swift; path = ViewController.swift; sourceTree = "<group>"; };
		A1D7884D2791B78900BD648E /* Base */ = {isa = PBXFileReference; lastKnownFileType = file.storyboard; name = Base; path = Base.lproj/Main.storyboard; sourceTree = "<group>"; };
		A1D788502791B78900BD648E /* MiniBus.xcdatamodel */ = {isa = PBXFileReference; lastKnownFileType = wrapper.xcdatamodel; path = MiniBus.xcdatamodel; sourceTree = "<group>"; };
		A1D788522791B78A00BD648E /* Assets.xcassets */ = {isa = PBXFileReference; lastKnownFileType = folder.assetcatalog; path = Assets.xcassets; sourceTree = "<group>"; };
		A1D788552791B78A00BD648E /* Base */ = {isa = PBXFileReference; lastKnownFileType = file.storyboard; name = Base; path = Base.lproj/LaunchScreen.storyboard; sourceTree = "<group>"; };
		A1D788572791B78A00BD648E /* Info.plist */ = {isa = PBXFileReference; lastKnownFileType = text.plist.xml; path = Info.plist; sourceTree = "<group>"; };
		A1D7885C2791B78A00BD648E /* MiniBusTests.xctest */ = {isa = PBXFileReference; explicitFileType = wrapper.cfbundle; includeInIndex = 0; path = MiniBusTests.xctest; sourceTree = BUILT_PRODUCTS_DIR; };
		A1D788602791B78A00BD648E /* MiniBusTests.swift */ = {isa = PBXFileReference; lastKnownFileType = sourcecode.swift; path = MiniBusTests.swift; sourceTree = "<group>"; };
		A1D788662791B78A00BD648E /* MiniBusUITests.xctest */ = {isa = PBXFileReference; explicitFileType = wrapper.cfbundle; includeInIndex = 0; path = MiniBusUITests.xctest; sourceTree = BUILT_PRODUCTS_DIR; };
		A1D7886A2791B78A00BD648E /* MiniBusUITests.swift */ = {isa = PBXFileReference; lastKnownFileType = sourcecode.swift; path = MiniBusUITests.swift; sourceTree = "<group>"; };
		A1D7886C2791B78A00BD648E /* MiniBusUITestsLaunchTests.swift */ = {isa = PBXFileReference; lastKnownFileType = sourcecode.swift; path = MiniBusUITestsLaunchTests.swift; sourceTree = "<group>"; };
/* End PBXFileReference section */

/* Begin PBXFrameworksBuildPhase section */
		A1D788402791B78900BD648E /* Frameworks */ = {
			isa = PBXFrameworksBuildPhase;
			buildActionMask = 2147483647;
			files = (
			);
			runOnlyForDeploymentPostprocessing = 0;
		};
		A1D788592791B78A00BD648E /* Frameworks */ = {
			isa = PBXFrameworksBuildPhase;
			buildActionMask = 2147483647;
			files = (
			);
			runOnlyForDeploymentPostprocessing = 0;
		};
		A1D788632791B78A00BD648E /* Frameworks */ = {
			isa = PBXFrameworksBuildPhase;
			buildActionMask = 2147483647;
			files = (
			);
			runOnlyForDeploymentPostprocessing = 0;
		};
/* End PBXFrameworksBuildPhase section */

/* Begin PBXGroup section */
		A1D7883A2791B78800BD648E = {
			isa = PBXGroup;
			children = (
				A1D788452791B78900BD648E /* MiniBus */,
				A1D7885F2791B78A00BD648E /* MiniBusTests */,
				A1D788692791B78A00BD648E /* MiniBusUITests */,
				A1D788442791B78900BD648E /* Products */,
			);
			sourceTree = "<group>";
		};
		A1D788442791B78900BD648E /* Products */ = {
			isa = PBXGroup;
			children = (
				A1D788432791B78900BD648E /* MiniBus.app */,
				A1D7885C2791B78A00BD648E /* MiniBusTests.xctest */,
				A1D788662791B78A00BD648E /* MiniBusUITests.xctest */,
			);
			name = Products;
			sourceTree = "<group>";
		};
		A1D788452791B78900BD648E /* MiniBus */ = {
			isa = PBXGroup;
			children = (
				A1D788462791B78900BD648E /* AppDelegate.swift */,
				A1D788482791B78900BD648E /* SceneDelegate.swift */,
				A1D7884A2791B78900BD648E /* ViewController.swift */,
				A1D7884C2791B78900BD648E /* Main.storyboard */,
				A1D788522791B78A00BD648E /* Assets.xcassets */,
				A1D788542791B78A00BD648E /* LaunchScreen.storyboard */,
				A1D788572791B78A00BD648E /* Info.plist */,
				A1D7884F2791B78900BD648E /* MiniBus.xcdatamodeld */,
			);
			path = MiniBus;
			sourceTree = "<group>";
		};
		A1D7885F2791B78A00BD648E /* MiniBusTests */ = {
			isa = PBXGroup;
			children = (
				A1D788602791B78A00BD648E /* MiniBusTests.swift */,
			);
			path = MiniBusTests;
			sourceTree = "<group>";
		};
		A1D788692791B78A00BD648E /* MiniBusUITests */ = {
			isa = PBXGroup;
			children = (
				A1D7886A2791B78A00BD648E /* MiniBusUITests.swift */,
				A1D7886C2791B78A00BD648E /* MiniBusUITestsLaunchTests.swift */,
			);
			path = MiniBusUITests;
			sourceTree = "<group>";
		};
/* End PBXGroup section */

/* Begin PBXNativeTarget section */
		A1D788422791B78900BD648E /* MiniBus */ = {
			isa = PBXNativeTarget;
			buildConfigurationList = A1D788702791B78A00BD648E /* Build configuration list for PBXNativeTarget "MiniBus" */;
			buildPhases = (
				A1D7883F2791B78900BD648E /* Sources */,
				A1D788402791B78900BD648E /* Frameworks */,
				A1D788412791B78900BD648E /* Resources */,
			);
			buildRules = (
			);
			dependencies = (
			);
			name = MiniBus;
			productName = MiniBus;
			productReference = A1D788432791B78900BD648E /* MiniBus.app */;
			productType = "com.apple.product-type.application";
		};
		A1D7885B2791B78A00BD648E /* MiniBusTests */ = {
			isa = PBXNativeTarget;
			buildConfigurationList = A1D788732791B78A00BD648E /* Build configuration list for PBXNativeTarget "MiniBusTests" */;
			buildPhases = (
				A1D788582791B78A00BD648E /* Sources */,
				A1D788592791B78A00BD648E /* Frameworks */,
				A1D7885A2791B78A00BD648E /* Resources */,
			);
			buildRules = (
			);
			dependencies = (
				A1D7885E2791B78A00BD648E /* PBXTargetDependency */,
			);
			name = MiniBusTests;
			productName = MiniBusTests;
			productReference = A1D7885C2791B78A00BD648E /* MiniBusTests.xctest */;
			productType = "com.apple.product-type.bundle.unit-test";
		};
		A1D788652791B78A00BD648E /* MiniBusUITests */ = {
			isa = PBXNativeTarget;
			buildConfigurationList = A1D788762791B78A00BD648E /* Build configuration list for PBXNativeTarget "MiniBusUITests" */;
			buildPhases = (
				A1D788622791B78A00BD648E /* Sources */,
				A1D788632791B78A00BD648E /* Frameworks */,
				A1D788642791B78A00BD648E /* Resources */,
			);
			buildRules = (
			);
			dependencies = (
				A1D788682791B78A00BD648E /* PBXTargetDependency */,
			);
			name = MiniBusUITests;
			productName = MiniBusUITests;
			productReference = A1D788662791B78A00BD648E /* MiniBusUITests.xctest */;
			productType = "com.apple.product-type.bundle.ui-testing";
		};
/* End PBXNativeTarget section */

/* Begin PBXProject section */
		A1D7883B2791B78800BD648E /* Project object */ = {
			isa = PBXProject;
			attributes = {
				BuildIndependentTargetsInParallel = 1;
				LastSwiftUpdateCheck = 1320;
				LastUpgradeCheck = 1320;
				TargetAttributes = {
					A1D788422791B78900BD648E = {
						CreatedOnToolsVersion = 13.2.1;
					};
					A1D7885B2791B78A00BD648E = {
						CreatedOnToolsVersion = 13.2.1;
						TestTargetID = A1D788422791B78900BD648E;
					};
					A1D788652791B78A00BD648E = {
						CreatedOnToolsVersion = 13.2.1;
						TestTargetID = A1D788422791B78900BD648E;
					};
				};
			};
			buildConfigurationList = A1D7883E2791B78800BD648E /* Build configuration list for PBXProject "MiniBus" */;
			compatibilityVersion = "Xcode 13.0";
			developmentRegion = en;
			hasScannedForEncodings = 0;
			knownRegions = (
				en,
				Base,
			);
			mainGroup = A1D7883A2791B78800BD648E;
			productRefGroup = A1D788442791B78900BD648E /* Products */;
			projectDirPath = "";
			projectRoot = "";
			targets = (
				A1D788422791B78900BD648E /* MiniBus */,
				A1D7885B2791B78A00BD648E /* MiniBusTests */,
				A1D788652791B78A00BD648E /* MiniBusUITests */,
			);
		};
/* End PBXProject section */

/* Begin PBXResourcesBuildPhase section */
		A1D788412791B78900BD648E /* Resources */ = {
			isa = PBXResourcesBuildPhase;
			buildActionMask = 2147483647;
			files = (
				A1D788562791B78A00BD648E /* LaunchScreen.storyboard in Resources */,
				A1D788532791B78A00BD648E /* Assets.xcassets in Resources */,
				A1D7884E2791B78900BD648E /* Main.storyboard in Resources */,
			);
			runOnlyForDeploymentPostprocessing = 0;
		};
		A1D7885A2791B78A00BD648E /* Resources */ = {
			isa = PBXResourcesBuildPhase;
			buildActionMask = 2147483647;
			files = (
			);
			runOnlyForDeploymentPostprocessing = 0;
		};
		A1D788642791B78A00BD648E /* Resources */ = {
			isa = PBXResourcesBuildPhase;
			buildActionMask = 2147483647;
			files = (
			);
			runOnlyForDeploymentPostprocessing = 0;
		};
/* End PBXResourcesBuildPhase section */

/* Begin PBXSourcesBuildPhase section */
		A1D7883F2791B78900BD648E /* Sources */ = {
			isa = PBXSourcesBuildPhase;
			buildActionMask = 2147483647;
			files = (
				A1D7884B2791B78900BD648E /* ViewController.swift in Sources */,
				A1D788472791B78900BD648E /* AppDelegate.swift in Sources */,
				A1D788492791B78900BD648E /* SceneDelegate.swift in Sources */,
				A1D788512791B78900BD648E /* MiniBus.xcdatamodeld in Sources */,
			);
			runOnlyForDeploymentPostprocessing = 0;
		};
		A1D788582791B78A00BD648E /* Sources */ = {
			isa = PBXSourcesBuildPhase;
			buildActionMask = 2147483647;
			files = (
				A1D788612791B78A00BD648E /* MiniBusTests.swift in Sources */,
			);
			runOnlyForDeploymentPostprocessing = 0;
		};
		A1D788622791B78A00BD648E /* Sources */ = {
			isa = PBXSourcesBuildPhase;
			buildActionMask = 2147483647;
			files = (
				A1D7886D2791B78A00BD648E /* MiniBusUITestsLaunchTests.swift in Sources */,
				A1D7886B2791B78A00BD648E /* MiniBusUITests.swift in Sources */,
			);
			runOnlyForDeploymentPostprocessing = 0;
		};
/* End PBXSourcesBuildPhase section */

/* Begin PBXTargetDependency section */
		A1D7885E2791B78A00BD648E /* PBXTargetDependency */ = {
			isa = PBXTargetDependency;
			target = A1D788422791B78900BD648E /* MiniBus */;
			targetProxy = A1D7885D2791B78A00BD648E /* PBXContainerItemProxy */;
		};
		A1D788682791B78A00BD648E /* PBXTargetDependency */ = {
			isa = PBXTargetDependency;
			target = A1D788422791B78900BD648E /* MiniBus */;
			targetProxy = A1D788672791B78A00BD648E /* PBXContainerItemProxy */;
		};
/* End PBXTargetDependency section */

/* Begin PBXVariantGroup section */
		A1D7884C2791B78900BD648E /* Main.storyboard */ = {
			isa = PBXVariantGroup;
			children = (
				A1D7884D2791B78900BD648E /* Base */,
			);
			name = Main.storyboard;
			sourceTree = "<group>";
		};
		A1D788542791B78A00BD648E /* LaunchScreen.storyboard */ = {
			isa = PBXVariantGroup;
			children = (
				A1D788552791B78A00BD648E /* Base */,
			);
			name = LaunchScreen.storyboard;
			sourceTree = "<group>";
		};
/* End PBXVariantGroup section */

/* Begin XCBuildConfiguration section */
		A1D7886E2791B78A00BD648E /* Debug */ = {
			isa = XCBuildConfiguration;
			buildSettings = {
				ALWAYS_SEARCH_USER_PATHS = NO;
				CLANG_ANALYZER_NONNULL = YES;
				CLANG_ANALYZER_NUMBER_OBJECT_CONVERSION = YES_AGGRESSIVE;
				CLANG_CXX_LANGUAGE_STANDARD = "gnu++17";
				CLANG_CXX_LIBRARY = "libc++";
				CLANG_ENABLE_MODULES = YES;
				CLANG_ENABLE_OBJC_ARC = YES;
				CLANG_ENABLE_OBJC_WEAK = YES;
				CLANG_WARN_BLOCK_CAPTURE_AUTORELEASING = YES;
				CLANG_WARN_BOOL_CONVERSION = YES;
				CLANG_WARN_COMMA = YES;
				CLANG_WARN_CONSTANT_CONVERSION = YES;
				CLANG_WARN_DEPRECATED_OBJC_IMPLEMENTATIONS = YES;
				CLANG_WARN_DIRECT_OBJC_ISA_USAGE = YES_ERROR;
				CLANG_WARN_DOCUMENTATION_COMMENTS = YES;
				CLANG_WARN_EMPTY_BODY = YES;
				CLANG_WARN_ENUM_CONVERSION = YES;
				CLANG_WARN_INFINITE_RECURSION = YES;
				CLANG_WARN_INT_CONVERSION = YES;
				CLANG_WARN_NON_LITERAL_NULL_CONVERSION = YES;
				CLANG_WARN_OBJC_IMPLICIT_RETAIN_SELF = YES;
				CLANG_WARN_OBJC_LITERAL_CONVERSION = YES;
				CLANG_WARN_OBJC_ROOT_CLASS = YES_ERROR;
				CLANG_WARN_QUOTED_INCLUDE_IN_FRAMEWORK_HEADER = YES;
				CLANG_WARN_RANGE_LOOP_ANALYSIS = YES;
				CLANG_WARN_STRICT_PROTOTYPES = YES;
				CLANG_WARN_SUSPICIOUS_MOVE = YES;
				CLANG_WARN_UNGUARDED_AVAILABILITY = YES_AGGRESSIVE;
				CLANG_WARN_UNREACHABLE_CODE = YES;
				CLANG_WARN__DUPLICATE_METHOD_MATCH = YES;
				COPY_PHASE_STRIP = NO;
				DEBUG_INFORMATION_FORMAT = dwarf;
				ENABLE_STRICT_OBJC_MSGSEND = YES;
				ENABLE_TESTABILITY = YES;
				GCC_C_LANGUAGE_STANDARD = gnu11;
				GCC_DYNAMIC_NO_PIC = NO;
				GCC_NO_COMMON_BLOCKS = YES;
				GCC_OPTIMIZATION_LEVEL = 0;
				GCC_PREPROCESSOR_DEFINITIONS = (
					"DEBUG=1",
					"$(inherited)",
				);
				GCC_WARN_64_TO_32_BIT_CONVERSION = YES;
				GCC_WARN_ABOUT_RETURN_TYPE = YES_ERROR;
				GCC_WARN_UNDECLARED_SELECTOR = YES;
				GCC_WARN_UNINITIALIZED_AUTOS = YES_AGGRESSIVE;
				GCC_WARN_UNUSED_FUNCTION = YES;
				GCC_WARN_UNUSED_VARIABLE = YES;
				IPHONEOS_DEPLOYMENT_TARGET = 15.2;
				MTL_ENABLE_DEBUG_INFO = INCLUDE_SOURCE;
				MTL_FAST_MATH = YES;
				ONLY_ACTIVE_ARCH = YES;
				SDKROOT = iphoneos;
				SWIFT_ACTIVE_COMPILATION_CONDITIONS = DEBUG;
				SWIFT_OPTIMIZATION_LEVEL = "-Onone";
			};
			name = Debug;
		};
		A1D7886F2791B78A00BD648E /* Release */ = {
			isa = XCBuildConfiguration;
			buildSettings = {
				ALWAYS_SEARCH_USER_PATHS = NO;
				CLANG_ANALYZER_NONNULL = YES;
				CLANG_ANALYZER_NUMBER_OBJECT_CONVERSION = YES_AGGRESSIVE;
				CLANG_CXX_LANGUAGE_STANDARD = "gnu++17";
				CLANG_CXX_LIBRARY = "libc++";
				CLANG_ENABLE_MODULES = YES;
				CLANG_ENABLE_OBJC_ARC = YES;
				CLANG_ENABLE_OBJC_WEAK = YES;
				CLANG_WARN_BLOCK_CAPTURE_AUTORELEASING = YES;
				CLANG_WARN_BOOL_CONVERSION = YES;
				CLANG_WARN_COMMA = YES;
				CLANG_WARN_CONSTANT_CONVERSION = YES;
				CLANG_WARN_DEPRECATED_OBJC_IMPLEMENTATIONS = YES;
				CLANG_WARN_DIRECT_OBJC_ISA_USAGE = YES_ERROR;
				CLANG_WARN_DOCUMENTATION_COMMENTS = YES;
				CLANG_WARN_EMPTY_BODY = YES;
				CLANG_WARN_ENUM_CONVERSION = YES;
				CLANG_WARN_INFINITE_RECURSION = YES;
				CLANG_WARN_INT_CONVERSION = YES;
				CLANG_WARN_NON_LITERAL_NULL_CONVERSION = YES;
				CLANG_WARN_OBJC_IMPLICIT_RETAIN_SELF = YES;
				CLANG_WARN_OBJC_LITERAL_CONVERSION = YES;
				CLANG_WARN_OBJC_ROOT_CLASS = YES_ERROR;
				CLANG_WARN_QUOTED_INCLUDE_IN_FRAMEWORK_HEADER = YES;
				CLANG_WARN_RANGE_LOOP_ANALYSIS = YES;
				CLANG_WARN_STRICT_PROTOTYPES = YES;
				CLANG_WARN_SUSPICIOUS_MOVE = YES;
				CLANG_WARN_UNGUARDED_AVAILABILITY = YES_AGGRESSIVE;
				CLANG_WARN_UNREACHABLE_CODE = YES;
				CLANG_WARN__DUPLICATE_METHOD_MATCH = YES;
				COPY_PHASE_STRIP = NO;
				DEBUG_INFORMATION_FORMAT = "dwarf-with-dsym";
				ENABLE_NS_ASSERTIONS = NO;
				ENABLE_STRICT_OBJC_MSGSEND = YES;
				GCC_C_LANGUAGE_STANDARD = gnu11;
				GCC_NO_COMMON_BLOCKS = YES;
				GCC_WARN_64_TO_32_BIT_CONVERSION = YES;
				GCC_WARN_ABOUT_RETURN_TYPE = YES_ERROR;
				GCC_WARN_UNDECLARED_SELECTOR = YES;
				GCC_WARN_UNINITIALIZED_AUTOS = YES_AGGRESSIVE;
				GCC_WARN_UNUSED_FUNCTION = YES;
				GCC_WARN_UNUSED_VARIABLE = YES;
				IPHONEOS_DEPLOYMENT_TARGET = 15.2;
				MTL_ENABLE_DEBUG_INFO = NO;
				MTL_FAST_MATH = YES;
				SDKROOT = iphoneos;
				SWIFT_COMPILATION_MODE = wholemodule;
				SWIFT_OPTIMIZATION_LEVEL = "-O";
				VALIDATE_PRODUCT = YES;
			};
			name = Release;
		};
		A1D788712791B78A00BD648E /* Debug */ = {
			isa = XCBuildConfiguration;
			buildSettings = {
				ASSETCATALOG_COMPILER_APPICON_NAME = AppIcon;
				ASSETCATALOG_COMPILER_GLOBAL_ACCENT_COLOR_NAME = AccentColor;
				CODE_SIGN_STYLE = Automatic;
				CURRENT_PROJECT_VERSION = 1;
				GENERATE_INFOPLIST_FILE = YES;
				INFOPLIST_FILE = MiniBus/Info.plist;
				INFOPLIST_KEY_UIApplicationSupportsIndirectInputEvents = YES;
				INFOPLIST_KEY_UILaunchStoryboardName = LaunchScreen;
				INFOPLIST_KEY_UIMainStoryboardFile = Main;
				INFOPLIST_KEY_UISupportedInterfaceOrientations_iPad = "UIInterfaceOrientationPortrait UIInterfaceOrientationPortraitUpsideDown UIInterfaceOrientationLandscapeLeft UIInterfaceOrientationLandscapeRight";
				INFOPLIST_KEY_UISupportedInterfaceOrientations_iPhone = "UIInterfaceOrientationPortrait UIInterfaceOrientationLandscapeLeft UIInterfaceOrientationLandscapeRight";
				LD_RUNPATH_SEARCH_PATHS = (
					"$(inherited)",
					"@executable_path/Frameworks",
				);
				MARKETING_VERSION = 1.0;
				PRODUCT_BUNDLE_IDENTIFIER = edu.self.MiniBus;
				PRODUCT_NAME = "$(TARGET_NAME)";
				SWIFT_EMIT_LOC_STRINGS = YES;
				SWIFT_VERSION = 5.0;
				TARGETED_DEVICE_FAMILY = "1,2";
			};
			name = Debug;
		};
		A1D788722791B78A00BD648E /* Release */ = {
			isa = XCBuildConfiguration;
			buildSettings = {
				ASSETCATALOG_COMPILER_APPICON_NAME = AppIcon;
				ASSETCATALOG_COMPILER_GLOBAL_ACCENT_COLOR_NAME = AccentColor;
				CODE_SIGN_STYLE = Automatic;
				CURRENT_PROJECT_VERSION = 1;
				GENERATE_INFOPLIST_FILE = YES;
				INFOPLIST_FILE = MiniBus/Info.plist;
				INFOPLIST_KEY_UIApplicationSupportsIndirectInputEvents = YES;
				INFOPLIST_KEY_UILaunchStoryboardName = LaunchScreen;
				INFOPLIST_KEY_UIMainStoryboardFile = Main;
				INFOPLIST_KEY_UISupportedInterfaceOrientations_iPad = "UIInterfaceOrientationPortrait UIInterfaceOrientationPortraitUpsideDown UIInterfaceOrientationLandscapeLeft UIInterfaceOrientationLandscapeRight";
				INFOPLIST_KEY_UISupportedInterfaceOrientations_iPhone = "UIInterfaceOrientationPortrait UIInterfaceOrientationLandscapeLeft UIInterfaceOrientationLandscapeRight";
				LD_RUNPATH_SEARCH_PATHS = (
					"$(inherited)",
					"@executable_path/Frameworks",
				);
				MARKETING_VERSION = 1.0;
				PRODUCT_BUNDLE_IDENTIFIER = edu.self.MiniBus;
				PRODUCT_NAME = "$(TARGET_NAME)";
				SWIFT_EMIT_LOC_STRINGS = YES;
				SWIFT_VERSION = 5.0;
				TARGETED_DEVICE_FAMILY = "1,2";
			};
			name = Release;
		};
		A1D788742791B78A00BD648E /* Debug */ = {
			isa = XCBuildConfiguration;
			buildSettings = {
				ALWAYS_EMBED_SWIFT_STANDARD_LIBRARIES = YES;
				BUNDLE_LOADER = "$(TEST_HOST)";
				CODE_SIGN_STYLE = Automatic;
				CURRENT_PROJECT_VERSION = 1;
				GENERATE_INFOPLIST_FILE = YES;
				IPHONEOS_DEPLOYMENT_TARGET = 15.2;
				MARKETING_VERSION = 1.0;
				PRODUCT_BUNDLE_IDENTIFIER = edu.self.MiniBusTests;
				PRODUCT_NAME = "$(TARGET_NAME)";
				SWIFT_EMIT_LOC_STRINGS = NO;
				SWIFT_VERSION = 5.0;
				TARGETED_DEVICE_FAMILY = "1,2";
				TEST_HOST = "$(BUILT_PRODUCTS_DIR)/MiniBus.app/MiniBus";
			};
			name = Debug;
		};
		A1D788752791B78A00BD648E /* Release */ = {
			isa = XCBuildConfiguration;
			buildSettings = {
				ALWAYS_EMBED_SWIFT_STANDARD_LIBRARIES = YES;
				BUNDLE_LOADER = "$(TEST_HOST)";
				CODE_SIGN_STYLE = Automatic;
				CURRENT_PROJECT_VERSION = 1;
				GENERATE_INFOPLIST_FILE = YES;
				IPHONEOS_DEPLOYMENT_TARGET = 15.2;
				MARKETING_VERSION = 1.0;
				PRODUCT_BUNDLE_IDENTIFIER = edu.self.MiniBusTests;
				PRODUCT_NAME = "$(TARGET_NAME)";
				SWIFT_EMIT_LOC_STRINGS = NO;
				SWIFT_VERSION = 5.0;
				TARGETED_DEVICE_FAMILY = "1,2";
				TEST_HOST = "$(BUILT_PRODUCTS_DIR)/MiniBus.app/MiniBus";
			};
			name = Release;
		};
		A1D788772791B78A00BD648E /* Debug */ = {
			isa = XCBuildConfiguration;
			buildSettings = {
				ALWAYS_EMBED_SWIFT_STANDARD_LIBRARIES = YES;
				CODE_SIGN_STYLE = Automatic;
				CURRENT_PROJECT_VERSION = 1;
				GENERATE_INFOPLIST_FILE = YES;
				MARKETING_VERSION = 1.0;
				PRODUCT_BUNDLE_IDENTIFIER = edu.self.MiniBusUITests;
				PRODUCT_NAME = "$(TARGET_NAME)";
				SWIFT_EMIT_LOC_STRINGS = NO;
				SWIFT_VERSION = 5.0;
				TARGETED_DEVICE_FAMILY = "1,2";
				TEST_TARGET_NAME = MiniBus;
			};
			name = Debug;
		};
		A1D788782791B78A00BD648E /* Release */ = {
			isa = XCBuildConfiguration;
			buildSettings = {
				ALWAYS_EMBED_SWIFT_STANDARD_LIBRARIES = YES;
				CODE_SIGN_STYLE = Automatic;
				CURRENT_PROJECT_VERSION = 1;
				GENERATE_INFOPLIST_FILE = YES;
				MARKETING_VERSION = 1.0;
				PRODUCT_BUNDLE_IDENTIFIER = edu.self.MiniBusUITests;
				PRODUCT_NAME = "$(TARGET_NAME)";
				SWIFT_EMIT_LOC_STRINGS = NO;
				SWIFT_VERSION = 5.0;
				TARGETED_DEVICE_FAMILY = "1,2";
				TEST_TARGET_NAME = MiniBus;
			};
			name = Release;
		};
/* End XCBuildConfiguration section */

/* Begin XCConfigurationList section */
		A1D7883E2791B78800BD648E /* Build configuration list for PBXProject "MiniBus" */ = {
			isa = XCConfigurationList;
			buildConfigurations = (
				A1D7886E2791B78A00BD648E /* Debug */,
				A1D7886F2791B78A00BD648E /* Release */,
			);
			defaultConfigurationIsVisible = 0;
			defaultConfigurationName = Release;
		};
		A1D788702791B78A00BD648E /* Build configuration list for PBXNativeTarget "MiniBus" */ = {
			isa = XCConfigurationList;
			buildConfigurations = (
				A1D788712791B78A00BD648E /* Debug */,
				A1D788722791B78A00BD648E /* Release */,
			);
			defaultConfigurationIsVisible = 0;
			defaultConfigurationName = Release;
		};
		A1D788732791B78A00BD648E /* Build configuration list for PBXNativeTarget "MiniBusTests" */ = {
			isa = XCConfigurationList;
			buildConfigurations = (
				A1D788742791B78A00BD648E /* Debug */,
				A1D788752791B78A00BD648E /* Release */,
			);
			defaultConfigurationIsVisible = 0;
			defaultConfigurationName = Release;
		};
		A1D788762791B78A00BD648E /* Build configuration list for PBXNativeTarget "MiniBusUITests" */ = {
			isa = XCConfigurationList;
			buildConfigurations = (
				A1D788772791B78A00BD648E /* Debug */,
				A1D788782791B78A00BD648E /* Release */,
			);
			defaultConfigurationIsVisible = 0;
			defaultConfigurationName = Release;
		};
/* End XCConfigurationList section */

/* Begin XCVersionGroup section */
		A1D7884F2791B78900BD648E /* MiniBus.xcdatamodeld */ = {
			isa = XCVersionGroup;
			children = (
				A1D788502791B78900BD648E /* MiniBus.xcdatamodel */,
			);
			currentVersion = A1D788502791B78900BD648E /* MiniBus.xcdatamodel */;
			path = MiniBus.xcdatamodeld;
			sourceTree = "<group>";
			versionGroupType = wrapper.xcdatamodel;
		};
/* End XCVersionGroup section */
	};
	rootObject = A1D7883B2791B78800BD648E /* Project object */;
}
